PODS:
  - Alamofire (5.6.1)
  - Moya/Core (15.0.0):
    - Alamofire (~> 5.0)
  - Moya/RxSwift (15.0.0):
    - Moya/Core
    - RxSwift (~> 6.0)
  - "NSObject+Rx (5.2.2)":
    - RxSwift (~> 6.2)
  - RxCocoa (6.5.0):
    - RxRelay (= 6.5.0)
    - RxSwift (= 6.5.0)
  - RxRelay (6.5.0):
    - RxSwift (= 6.5.0)
  - RxSwift (6.5.0)
  - SDWebImage (5.13.2):
    - SDWebImage/Core (= 5.13.2)
  - SDWebImage/Core (5.13.2)
  - SnapKit (5.6.0)

DEPENDENCIES:
  - Moya/RxSwift
  - "NSObject+Rx"
  - RxCocoa (= 6.5.0)
  - RxSwift (= 6.5.0)
  - SDWebImage (~> 5.0)
  - SnapKit (~> 5.6.0)

SPEC REPOS:
  trunk:
    - Alamofire
    - Moya
    - "NSObject+Rx"
    - RxCocoa
    - RxRelay
    - RxSwift
    - SDWebImage
    - SnapKit

SPEC CHECKSUMS:
  Alamofire: 87bd8c952f9a4454320fce00d9cc3de57bcadaf5
  Moya: 138f0573e53411fb3dc17016add0b748dfbd78ee
  "NSObject+Rx": 61cf1f7306a73dcef8b36649198af0813ec18dfd
  RxCocoa: 94f817b71c07517321eb4f9ad299112ca8af743b
  RxRelay: 1de1523e604c72b6c68feadedd1af3b1b4d0ecbd
  RxSwift: 5710a9e6b17f3c3d6e40d6e559b9fa1e813b2ef8
  SDWebImage: 72f86271a6f3139cc7e4a89220946489d4b9a866
  SnapKit: e01d52ebb8ddbc333eefe2132acf85c8227d9c25

PODFILE CHECKSUM: 1b67ec59622c32f62cff386d93a9728895aec80d

COCOAPODS: 1.11.2
