// !$*UTF8*$!
{
	archiveVersion = 1;
	classes = {
	};
	objectVersion = 55;
	objects = {

/* Begin PBXBuildFile section */
		0DFF3E4B2CDB81C4EDFAF07E /* Pods_RxNetflix.framework in Frameworks */ = {isa = PBXBuildFile; fileRef = 7D601C267A600E3A38FFB6C5 /* Pods_RxNetflix.framework */; };
		3594948728C6379400F6C410 /* Title.swift in Sources */ = {isa = PBXBuildFile; fileRef = 3594948628C6379400F6C410 /* Title.swift */; };
		3594948928C639FD00F6C410 /* String+Extension.swift in Sources */ = {isa = PBXBuildFile; fileRef = 3594948828C639FD00F6C410 /* String+Extension.swift */; };
		3594948B28C63A1D00F6C410 /* BaseViewController.swift in Sources */ = {isa = PBXBuildFile; fileRef = 3594948A28C63A1D00F6C410 /* BaseViewController.swift */; };
		3594948E28C6438E00F6C410 /* CollectionViewTableViewCell.swift in Sources */ = {isa = PBXBuildFile; fileRef = 3594948D28C6438E00F6C410 /* CollectionViewTableViewCell.swift */; };
		3594949028C6451200F6C410 /* NSObject+Extension.swift in Sources */ = {isa = PBXBuildFile; fileRef = 3594948F28C6451200F6C410 /* NSObject+Extension.swift */; };
		3594949228C6451700F6C410 /* UITableView+Extension.swift in Sources */ = {isa = PBXBuildFile; fileRef = 3594949128C6451700F6C410 /* UITableView+Extension.swift */; };
		3594949528C6462800F6C410 /* HeroHeaderView.swift in Sources */ = {isa = PBXBuildFile; fileRef = 3594949428C6462800F6C410 /* HeroHeaderView.swift */; };
		3594949828C73FA000F6C410 /* HomeViewModel.swift in Sources */ = {isa = PBXBuildFile; fileRef = 3594949728C73FA000F6C410 /* HomeViewModel.swift */; };
		3594949A28C7400400F6C410 /* ViewModelBindableType.swift in Sources */ = {isa = PBXBuildFile; fileRef = 3594949928C7400400F6C410 /* ViewModelBindableType.swift */; };
		3594949C28C7400800F6C410 /* ViewModelType.swift in Sources */ = {isa = PBXBuildFile; fileRef = 3594949B28C7400800F6C410 /* ViewModelType.swift */; };
		3594949E28C740DD00F6C410 /* TitleCollectionViewCell.swift in Sources */ = {isa = PBXBuildFile; fileRef = 3594949D28C740DD00F6C410 /* TitleCollectionViewCell.swift */; };
		359494A428C78DAF00F6C410 /* UICollectionView+Extension.swift in Sources */ = {isa = PBXBuildFile; fileRef = 359494A328C78DAF00F6C410 /* UICollectionView+Extension.swift */; };
		35A8735428C6323A00BB75C3 /* AppDelegate.swift in Sources */ = {isa = PBXBuildFile; fileRef = 35A8735328C6323A00BB75C3 /* AppDelegate.swift */; };
		35A8735628C6323A00BB75C3 /* SceneDelegate.swift in Sources */ = {isa = PBXBuildFile; fileRef = 35A8735528C6323A00BB75C3 /* SceneDelegate.swift */; };
		35A8735D28C6323C00BB75C3 /* Assets.xcassets in Resources */ = {isa = PBXBuildFile; fileRef = 35A8735C28C6323C00BB75C3 /* Assets.xcassets */; };
		35A8736028C6323C00BB75C3 /* LaunchScreen.storyboard in Resources */ = {isa = PBXBuildFile; fileRef = 35A8735E28C6323C00BB75C3 /* LaunchScreen.storyboard */; };
		35A8737228C632D400BB75C3 /* APICaller.swift in Sources */ = {isa = PBXBuildFile; fileRef = 35A8737128C632D400BB75C3 /* APICaller.swift */; };
		35A8737D28C6335700BB75C3 /* HomeViewController.swift in Sources */ = {isa = PBXBuildFile; fileRef = 35A8737C28C6335700BB75C3 /* HomeViewController.swift */; };
		35A8737F28C6335E00BB75C3 /* SearchViewController.swift in Sources */ = {isa = PBXBuildFile; fileRef = 35A8737E28C6335E00BB75C3 /* SearchViewController.swift */; };
		35A8738128C6336500BB75C3 /* UpcomingViewController.swift in Sources */ = {isa = PBXBuildFile; fileRef = 35A8738028C6336500BB75C3 /* UpcomingViewController.swift */; };
		35A8738328C6336C00BB75C3 /* DownloadsViewController.swift in Sources */ = {isa = PBXBuildFile; fileRef = 35A8738228C6336C00BB75C3 /* DownloadsViewController.swift */; };
		35A8738628C6339F00BB75C3 /* TabBarViewController.swift in Sources */ = {isa = PBXBuildFile; fileRef = 35A8738528C6339F00BB75C3 /* TabBarViewController.swift */; };
/* End PBXBuildFile section */

/* Begin PBXFileReference section */
		3594948628C6379400F6C410 /* Title.swift */ = {isa = PBXFileReference; fileEncoding = 4; lastKnownFileType = sourcecode.swift; path = Title.swift; sourceTree = "<group>"; };
		3594948828C639FD00F6C410 /* String+Extension.swift */ = {isa = PBXFileReference; lastKnownFileType = sourcecode.swift; path = "String+Extension.swift"; sourceTree = "<group>"; };
		3594948A28C63A1D00F6C410 /* BaseViewController.swift */ = {isa = PBXFileReference; lastKnownFileType = sourcecode.swift; path = BaseViewController.swift; sourceTree = "<group>"; };
		3594948D28C6438E00F6C410 /* CollectionViewTableViewCell.swift */ = {isa = PBXFileReference; lastKnownFileType = sourcecode.swift; path = CollectionViewTableViewCell.swift; sourceTree = "<group>"; };
		3594948F28C6451200F6C410 /* NSObject+Extension.swift */ = {isa = PBXFileReference; fileEncoding = 4; lastKnownFileType = sourcecode.swift; path = "NSObject+Extension.swift"; sourceTree = "<group>"; };
		3594949128C6451700F6C410 /* UITableView+Extension.swift */ = {isa = PBXFileReference; fileEncoding = 4; lastKnownFileType = sourcecode.swift; path = "UITableView+Extension.swift"; sourceTree = "<group>"; };
		3594949428C6462800F6C410 /* HeroHeaderView.swift */ = {isa = PBXFileReference; lastKnownFileType = sourcecode.swift; path = HeroHeaderView.swift; sourceTree = "<group>"; };
		3594949728C73FA000F6C410 /* HomeViewModel.swift */ = {isa = PBXFileReference; lastKnownFileType = sourcecode.swift; path = HomeViewModel.swift; sourceTree = "<group>"; };
		3594949928C7400400F6C410 /* ViewModelBindableType.swift */ = {isa = PBXFileReference; fileEncoding = 4; lastKnownFileType = sourcecode.swift; path = ViewModelBindableType.swift; sourceTree = "<group>"; };
		3594949B28C7400800F6C410 /* ViewModelType.swift */ = {isa = PBXFileReference; fileEncoding = 4; lastKnownFileType = sourcecode.swift; path = ViewModelType.swift; sourceTree = "<group>"; };
		3594949D28C740DD00F6C410 /* TitleCollectionViewCell.swift */ = {isa = PBXFileReference; fileEncoding = 4; lastKnownFileType = sourcecode.swift; path = TitleCollectionViewCell.swift; sourceTree = "<group>"; };
		359494A328C78DAF00F6C410 /* UICollectionView+Extension.swift */ = {isa = PBXFileReference; lastKnownFileType = sourcecode.swift; path = "UICollectionView+Extension.swift"; sourceTree = "<group>"; };
		35A8735028C6323A00BB75C3 /* RxNetflix.app */ = {isa = PBXFileReference; explicitFileType = wrapper.application; includeInIndex = 0; path = RxNetflix.app; sourceTree = BUILT_PRODUCTS_DIR; };
		35A8735328C6323A00BB75C3 /* AppDelegate.swift */ = {isa = PBXFileReference; lastKnownFileType = sourcecode.swift; path = AppDelegate.swift; sourceTree = "<group>"; };
		35A8735528C6323A00BB75C3 /* SceneDelegate.swift */ = {isa = PBXFileReference; lastKnownFileType = sourcecode.swift; path = SceneDelegate.swift; sourceTree = "<group>"; };
		35A8735C28C6323C00BB75C3 /* Assets.xcassets */ = {isa = PBXFileReference; lastKnownFileType = folder.assetcatalog; path = Assets.xcassets; sourceTree = "<group>"; };
		35A8735F28C6323C00BB75C3 /* Base */ = {isa = PBXFileReference; lastKnownFileType = file.storyboard; name = Base; path = Base.lproj/LaunchScreen.storyboard; sourceTree = "<group>"; };
		35A8736128C6323C00BB75C3 /* Info.plist */ = {isa = PBXFileReference; lastKnownFileType = text.plist.xml; path = Info.plist; sourceTree = "<group>"; };
		35A8737128C632D400BB75C3 /* APICaller.swift */ = {isa = PBXFileReference; fileEncoding = 4; lastKnownFileType = sourcecode.swift; path = APICaller.swift; sourceTree = "<group>"; };
		35A8737C28C6335700BB75C3 /* HomeViewController.swift */ = {isa = PBXFileReference; lastKnownFileType = sourcecode.swift; path = HomeViewController.swift; sourceTree = "<group>"; };
		35A8737E28C6335E00BB75C3 /* SearchViewController.swift */ = {isa = PBXFileReference; lastKnownFileType = sourcecode.swift; path = SearchViewController.swift; sourceTree = "<group>"; };
		35A8738028C6336500BB75C3 /* UpcomingViewController.swift */ = {isa = PBXFileReference; lastKnownFileType = sourcecode.swift; path = UpcomingViewController.swift; sourceTree = "<group>"; };
		35A8738228C6336C00BB75C3 /* DownloadsViewController.swift */ = {isa = PBXFileReference; lastKnownFileType = sourcecode.swift; path = DownloadsViewController.swift; sourceTree = "<group>"; };
		35A8738528C6339F00BB75C3 /* TabBarViewController.swift */ = {isa = PBXFileReference; lastKnownFileType = sourcecode.swift; path = TabBarViewController.swift; sourceTree = "<group>"; };
		5D80E1C7D5E5C25A5878F97E /* Pods-RxNetflix.release.xcconfig */ = {isa = PBXFileReference; includeInIndex = 1; lastKnownFileType = text.xcconfig; name = "Pods-RxNetflix.release.xcconfig"; path = "Target Support Files/Pods-RxNetflix/Pods-RxNetflix.release.xcconfig"; sourceTree = "<group>"; };
		7D601C267A600E3A38FFB6C5 /* Pods_RxNetflix.framework */ = {isa = PBXFileReference; explicitFileType = wrapper.framework; includeInIndex = 0; path = Pods_RxNetflix.framework; sourceTree = BUILT_PRODUCTS_DIR; };
		E31FCF738B20C424C902B6FB /* Pods-RxNetflix.debug.xcconfig */ = {isa = PBXFileReference; includeInIndex = 1; lastKnownFileType = text.xcconfig; name = "Pods-RxNetflix.debug.xcconfig"; path = "Target Support Files/Pods-RxNetflix/Pods-RxNetflix.debug.xcconfig"; sourceTree = "<group>"; };
/* End PBXFileReference section */

/* Begin PBXFrameworksBuildPhase section */
		35A8734D28C6323A00BB75C3 /* Frameworks */ = {
			isa = PBXFrameworksBuildPhase;
			buildActionMask = 2147483647;
			files = (
				0DFF3E4B2CDB81C4EDFAF07E /* Pods_RxNetflix.framework in Frameworks */,
			);
			runOnlyForDeploymentPostprocessing = 0;
		};
/* End PBXFrameworksBuildPhase section */

/* Begin PBXGroup section */
		3594948C28C6435A00F6C410 /* Cell */ = {
			isa = PBXGroup;
			children = (
				3594949D28C740DD00F6C410 /* TitleCollectionViewCell.swift */,
				3594948D28C6438E00F6C410 /* CollectionViewTableViewCell.swift */,
			);
			path = Cell;
			sourceTree = "<group>";
		};
		3594949328C6461800F6C410 /* View */ = {
			isa = PBXGroup;
			children = (
				3594949428C6462800F6C410 /* HeroHeaderView.swift */,
			);
			path = View;
			sourceTree = "<group>";
		};
		3594949628C73F9500F6C410 /* ViewModel */ = {
			isa = PBXGroup;
			children = (
				3594949728C73FA000F6C410 /* HomeViewModel.swift */,
			);
			path = ViewModel;
			sourceTree = "<group>";
		};
		35A8734728C6323A00BB75C3 = {
			isa = PBXGroup;
			children = (
				35A8735228C6323A00BB75C3 /* RxNetflix */,
				35A8735128C6323A00BB75C3 /* Products */,
				E680A526A139FA9A33686E47 /* Pods */,
				CF00FAB92A9EC08F1E3C12CC /* Frameworks */,
			);
			sourceTree = "<group>";
		};
		35A8735128C6323A00BB75C3 /* Products */ = {
			isa = PBXGroup;
			children = (
				35A8735028C6323A00BB75C3 /* RxNetflix.app */,
			);
			name = Products;
			sourceTree = "<group>";
		};
		35A8735228C6323A00BB75C3 /* RxNetflix */ = {
			isa = PBXGroup;
			children = (
				35A8737328C632E200BB75C3 /* Models */,
				35A8736A28C6328A00BB75C3 /* Global */,
				35A8736928C6328700BB75C3 /* Screen */,
			);
			path = RxNetflix;
			sourceTree = "<group>";
		};
		35A8736828C6327700BB75C3 /* Resources */ = {
			isa = PBXGroup;
			children = (
				35A8735C28C6323C00BB75C3 /* Assets.xcassets */,
				35A8735E28C6323C00BB75C3 /* LaunchScreen.storyboard */,
				35A8736128C6323C00BB75C3 /* Info.plist */,
			);
			path = Resources;
			sourceTree = "<group>";
		};
		35A8736928C6328700BB75C3 /* Screen */ = {
			isa = PBXGroup;
			children = (
				35A8738428C6337400BB75C3 /* Tab */,
				35A8737928C6332C00BB75C3 /* Home */,
				35A8737828C6332700BB75C3 /* Search */,
				35A8737A28C6332E00BB75C3 /* Upcoming */,
				35A8737B28C6333200BB75C3 /* Downloads */,
			);
			path = Screen;
			sourceTree = "<group>";
		};
		35A8736A28C6328A00BB75C3 /* Global */ = {
			isa = PBXGroup;
			children = (
				35A8737428C632FA00BB75C3 /* Extension */,
				35A8736C28C632D400BB75C3 /* Base */,
				35A8736D28C632D400BB75C3 /* Literal */,
				35A8737028C632D400BB75C3 /* Managers */,
				35A8736E28C632D400BB75C3 /* Protocol */,
				35A8736F28C632D400BB75C3 /* UIComponent */,
				35A8736B28C6329D00BB75C3 /* Supports */,
				35A8736828C6327700BB75C3 /* Resources */,
			);
			path = Global;
			sourceTree = "<group>";
		};
		35A8736B28C6329D00BB75C3 /* Supports */ = {
			isa = PBXGroup;
			children = (
				35A8735328C6323A00BB75C3 /* AppDelegate.swift */,
				35A8735528C6323A00BB75C3 /* SceneDelegate.swift */,
			);
			path = Supports;
			sourceTree = "<group>";
		};
		35A8736C28C632D400BB75C3 /* Base */ = {
			isa = PBXGroup;
			children = (
				3594948A28C63A1D00F6C410 /* BaseViewController.swift */,
			);
			path = Base;
			sourceTree = "<group>";
		};
		35A8736D28C632D400BB75C3 /* Literal */ = {
			isa = PBXGroup;
			children = (
			);
			path = Literal;
			sourceTree = "<group>";
		};
		35A8736E28C632D400BB75C3 /* Protocol */ = {
			isa = PBXGroup;
			children = (
				3594949928C7400400F6C410 /* ViewModelBindableType.swift */,
				3594949B28C7400800F6C410 /* ViewModelType.swift */,
			);
			path = Protocol;
			sourceTree = "<group>";
		};
		35A8736F28C632D400BB75C3 /* UIComponent */ = {
			isa = PBXGroup;
			children = (
			);
			path = UIComponent;
			sourceTree = "<group>";
		};
		35A8737028C632D400BB75C3 /* Managers */ = {
			isa = PBXGroup;
			children = (
				35A8737128C632D400BB75C3 /* APICaller.swift */,
			);
			path = Managers;
			sourceTree = "<group>";
		};
		35A8737328C632E200BB75C3 /* Models */ = {
			isa = PBXGroup;
			children = (
				3594948628C6379400F6C410 /* Title.swift */,
			);
			path = Models;
			sourceTree = "<group>";
		};
		35A8737428C632FA00BB75C3 /* Extension */ = {
			isa = PBXGroup;
			children = (
				3594949128C6451700F6C410 /* UITableView+Extension.swift */,
				3594948F28C6451200F6C410 /* NSObject+Extension.swift */,
				3594948828C639FD00F6C410 /* String+Extension.swift */,
				359494A328C78DAF00F6C410 /* UICollectionView+Extension.swift */,
			);
			path = Extension;
			sourceTree = "<group>";
		};
		35A8737828C6332700BB75C3 /* Search */ = {
			isa = PBXGroup;
			children = (
				35A8737E28C6335E00BB75C3 /* SearchViewController.swift */,
			);
			path = Search;
			sourceTree = "<group>";
		};
		35A8737928C6332C00BB75C3 /* Home */ = {
			isa = PBXGroup;
			children = (
				3594949628C73F9500F6C410 /* ViewModel */,
				3594949328C6461800F6C410 /* View */,
				3594948C28C6435A00F6C410 /* Cell */,
				35A8737C28C6335700BB75C3 /* HomeViewController.swift */,
			);
			path = Home;
			sourceTree = "<group>";
		};
		35A8737A28C6332E00BB75C3 /* Upcoming */ = {
			isa = PBXGroup;
			children = (
				35A8738028C6336500BB75C3 /* UpcomingViewController.swift */,
			);
			path = Upcoming;
			sourceTree = "<group>";
		};
		35A8737B28C6333200BB75C3 /* Downloads */ = {
			isa = PBXGroup;
			children = (
				35A8738228C6336C00BB75C3 /* DownloadsViewController.swift */,
			);
			path = Downloads;
			sourceTree = "<group>";
		};
		35A8738428C6337400BB75C3 /* Tab */ = {
			isa = PBXGroup;
			children = (
				35A8738528C6339F00BB75C3 /* TabBarViewController.swift */,
			);
			path = Tab;
			sourceTree = "<group>";
		};
		CF00FAB92A9EC08F1E3C12CC /* Frameworks */ = {
			isa = PBXGroup;
			children = (
				7D601C267A600E3A38FFB6C5 /* Pods_RxNetflix.framework */,
			);
			name = Frameworks;
			sourceTree = "<group>";
		};
		E680A526A139FA9A33686E47 /* Pods */ = {
			isa = PBXGroup;
			children = (
				E31FCF738B20C424C902B6FB /* Pods-RxNetflix.debug.xcconfig */,
				5D80E1C7D5E5C25A5878F97E /* Pods-RxNetflix.release.xcconfig */,
			);
			path = Pods;
			sourceTree = "<group>";
		};
/* End PBXGroup section */

/* Begin PBXNativeTarget section */
		35A8734F28C6323A00BB75C3 /* RxNetflix */ = {
			isa = PBXNativeTarget;
			buildConfigurationList = 35A8736428C6323C00BB75C3 /* Build configuration list for PBXNativeTarget "RxNetflix" */;
			buildPhases = (
				220AD231C8C58D39DAD792BF /* [CP] Check Pods Manifest.lock */,
				35A8734C28C6323A00BB75C3 /* Sources */,
				35A8734D28C6323A00BB75C3 /* Frameworks */,
				35A8734E28C6323A00BB75C3 /* Resources */,
				C45D46F37D98F547FEBB15D6 /* [CP] Embed Pods Frameworks */,
			);
			buildRules = (
			);
			dependencies = (
			);
			name = RxNetflix;
			productName = RxNetflix;
			productReference = 35A8735028C6323A00BB75C3 /* RxNetflix.app */;
			productType = "com.apple.product-type.application";
		};
/* End PBXNativeTarget section */

/* Begin PBXProject section */
		35A8734828C6323A00BB75C3 /* Project object */ = {
			isa = PBXProject;
			attributes = {
				BuildIndependentTargetsInParallel = 1;
				LastSwiftUpdateCheck = 1330;
				LastUpgradeCheck = 1330;
				TargetAttributes = {
					35A8734F28C6323A00BB75C3 = {
						CreatedOnToolsVersion = 13.3.1;
					};
				};
			};
			buildConfigurationList = 35A8734B28C6323A00BB75C3 /* Build configuration list for PBXProject "RxNetflix" */;
			compatibilityVersion = "Xcode 13.0";
			developmentRegion = en;
			hasScannedForEncodings = 0;
			knownRegions = (
				en,
				Base,
			);
			mainGroup = 35A8734728C6323A00BB75C3;
			productRefGroup = 35A8735128C6323A00BB75C3 /* Products */;
			projectDirPath = "";
			projectRoot = "";
			targets = (
				35A8734F28C6323A00BB75C3 /* RxNetflix */,
			);
		};
/* End PBXProject section */

/* Begin PBXResourcesBuildPhase section */
		35A8734E28C6323A00BB75C3 /* Resources */ = {
			isa = PBXResourcesBuildPhase;
			buildActionMask = 2147483647;
			files = (
				35A8736028C6323C00BB75C3 /* LaunchScreen.storyboard in Resources */,
				35A8735D28C6323C00BB75C3 /* Assets.xcassets in Resources */,
			);
			runOnlyForDeploymentPostprocessing = 0;
		};
/* End PBXResourcesBuildPhase section */

/* Begin PBXShellScriptBuildPhase section */
		220AD231C8C58D39DAD792BF /* [CP] Check Pods Manifest.lock */ = {
			isa = PBXShellScriptBuildPhase;
			buildActionMask = 2147483647;
			files = (
			);
			inputFileListPaths = (
			);
			inputPaths = (
				"${PODS_PODFILE_DIR_PATH}/Podfile.lock",
				"${PODS_ROOT}/Manifest.lock",
			);
			name = "[CP] Check Pods Manifest.lock";
			outputFileListPaths = (
			);
			outputPaths = (
				"$(DERIVED_FILE_DIR)/Pods-RxNetflix-checkManifestLockResult.txt",
			);
			runOnlyForDeploymentPostprocessing = 0;
			shellPath = /bin/sh;
			shellScript = "diff \"${PODS_PODFILE_DIR_PATH}/Podfile.lock\" \"${PODS_ROOT}/Manifest.lock\" > /dev/null\nif [ $? != 0 ] ; then\n    # print error to STDERR\n    echo \"error: The sandbox is not in sync with the Podfile.lock. Run 'pod install' or update your CocoaPods installation.\" >&2\n    exit 1\nfi\n# This output is used by Xcode 'outputs' to avoid re-running this script phase.\necho \"SUCCESS\" > \"${SCRIPT_OUTPUT_FILE_0}\"\n";
			showEnvVarsInLog = 0;
		};
		C45D46F37D98F547FEBB15D6 /* [CP] Embed Pods Frameworks */ = {
			isa = PBXShellScriptBuildPhase;
			buildActionMask = 2147483647;
			files = (
			);
			inputFileListPaths = (
				"${PODS_ROOT}/Target Support Files/Pods-RxNetflix/Pods-RxNetflix-frameworks-${CONFIGURATION}-input-files.xcfilelist",
			);
			name = "[CP] Embed Pods Frameworks";
			outputFileListPaths = (
				"${PODS_ROOT}/Target Support Files/Pods-RxNetflix/Pods-RxNetflix-frameworks-${CONFIGURATION}-output-files.xcfilelist",
			);
			runOnlyForDeploymentPostprocessing = 0;
			shellPath = /bin/sh;
			shellScript = "\"${PODS_ROOT}/Target Support Files/Pods-RxNetflix/Pods-RxNetflix-frameworks.sh\"\n";
			showEnvVarsInLog = 0;
		};
/* End PBXShellScriptBuildPhase section */

/* Begin PBXSourcesBuildPhase section */
		35A8734C28C6323A00BB75C3 /* Sources */ = {
			isa = PBXSourcesBuildPhase;
			buildActionMask = 2147483647;
			files = (
				3594948728C6379400F6C410 /* Title.swift in Sources */,
				3594948928C639FD00F6C410 /* String+Extension.swift in Sources */,
				3594948E28C6438E00F6C410 /* CollectionViewTableViewCell.swift in Sources */,
				3594949828C73FA000F6C410 /* HomeViewModel.swift in Sources */,
				3594948B28C63A1D00F6C410 /* BaseViewController.swift in Sources */,
				35A8738128C6336500BB75C3 /* UpcomingViewController.swift in Sources */,
				35A8737F28C6335E00BB75C3 /* SearchViewController.swift in Sources */,
				35A8735428C6323A00BB75C3 /* AppDelegate.swift in Sources */,
				3594949C28C7400800F6C410 /* ViewModelType.swift in Sources */,
				3594949028C6451200F6C410 /* NSObject+Extension.swift in Sources */,
				35A8738628C6339F00BB75C3 /* TabBarViewController.swift in Sources */,
				3594949228C6451700F6C410 /* UITableView+Extension.swift in Sources */,
				3594949528C6462800F6C410 /* HeroHeaderView.swift in Sources */,
				35A8738328C6336C00BB75C3 /* DownloadsViewController.swift in Sources */,
				3594949A28C7400400F6C410 /* ViewModelBindableType.swift in Sources */,
				3594949E28C740DD00F6C410 /* TitleCollectionViewCell.swift in Sources */,
				359494A428C78DAF00F6C410 /* UICollectionView+Extension.swift in Sources */,
				35A8735628C6323A00BB75C3 /* SceneDelegate.swift in Sources */,
				35A8737228C632D400BB75C3 /* APICaller.swift in Sources */,
				35A8737D28C6335700BB75C3 /* HomeViewController.swift in Sources */,
			);
			runOnlyForDeploymentPostprocessing = 0;
		};
/* End PBXSourcesBuildPhase section */

/* Begin PBXVariantGroup section */
		35A8735E28C6323C00BB75C3 /* LaunchScreen.storyboard */ = {
			isa = PBXVariantGroup;
			children = (
				35A8735F28C6323C00BB75C3 /* Base */,
			);
			name = LaunchScreen.storyboard;
			sourceTree = "<group>";
		};
/* End PBXVariantGroup section */

/* Begin XCBuildConfiguration section */
		35A8736228C6323C00BB75C3 /* Debug */ = {
			isa = XCBuildConfiguration;
			buildSettings = {
				ALWAYS_SEARCH_USER_PATHS = NO;
				CLANG_ANALYZER_NONNULL = YES;
				CLANG_ANALYZER_NUMBER_OBJECT_CONVERSION = YES_AGGRESSIVE;
				CLANG_CXX_LANGUAGE_STANDARD = "gnu++17";
				CLANG_ENABLE_MODULES = YES;
				CLANG_ENABLE_OBJC_ARC = YES;
				CLANG_ENABLE_OBJC_WEAK = YES;
				CLANG_WARN_BLOCK_CAPTURE_AUTORELEASING = YES;
				CLANG_WARN_BOOL_CONVERSION = YES;
				CLANG_WARN_COMMA = YES;
				CLANG_WARN_CONSTANT_CONVERSION = YES;
				CLANG_WARN_DEPRECATED_OBJC_IMPLEMENTATIONS = YES;
				CLANG_WARN_DIRECT_OBJC_ISA_USAGE = YES_ERROR;
				CLANG_WARN_DOCUMENTATION_COMMENTS = YES;
				CLANG_WARN_EMPTY_BODY = YES;
				CLANG_WARN_ENUM_CONVERSION = YES;
				CLANG_WARN_INFINITE_RECURSION = YES;
				CLANG_WARN_INT_CONVERSION = YES;
				CLANG_WARN_NON_LITERAL_NULL_CONVERSION = YES;
				CLANG_WARN_OBJC_IMPLICIT_RETAIN_SELF = YES;
				CLANG_WARN_OBJC_LITERAL_CONVERSION = YES;
				CLANG_WARN_OBJC_ROOT_CLASS = YES_ERROR;
				CLANG_WARN_QUOTED_INCLUDE_IN_FRAMEWORK_HEADER = YES;
				CLANG_WARN_RANGE_LOOP_ANALYSIS = YES;
				CLANG_WARN_STRICT_PROTOTYPES = YES;
				CLANG_WARN_SUSPICIOUS_MOVE = YES;
				CLANG_WARN_UNGUARDED_AVAILABILITY = YES_AGGRESSIVE;
				CLANG_WARN_UNREACHABLE_CODE = YES;
				CLANG_WARN__DUPLICATE_METHOD_MATCH = YES;
				COPY_PHASE_STRIP = NO;
				DEBUG_INFORMATION_FORMAT = dwarf;
				ENABLE_STRICT_OBJC_MSGSEND = YES;
				ENABLE_TESTABILITY = YES;
				GCC_C_LANGUAGE_STANDARD = gnu11;
				GCC_DYNAMIC_NO_PIC = NO;
				GCC_NO_COMMON_BLOCKS = YES;
				GCC_OPTIMIZATION_LEVEL = 0;
				GCC_PREPROCESSOR_DEFINITIONS = (
					"DEBUG=1",
					"$(inherited)",
				);
				GCC_WARN_64_TO_32_BIT_CONVERSION = YES;
				GCC_WARN_ABOUT_RETURN_TYPE = YES_ERROR;
				GCC_WARN_UNDECLARED_SELECTOR = YES;
				GCC_WARN_UNINITIALIZED_AUTOS = YES_AGGRESSIVE;
				GCC_WARN_UNUSED_FUNCTION = YES;
				GCC_WARN_UNUSED_VARIABLE = YES;
				IPHONEOS_DEPLOYMENT_TARGET = 15.4;
				MTL_ENABLE_DEBUG_INFO = INCLUDE_SOURCE;
				MTL_FAST_MATH = YES;
				ONLY_ACTIVE_ARCH = YES;
				SDKROOT = iphoneos;
				SWIFT_ACTIVE_COMPILATION_CONDITIONS = DEBUG;
				SWIFT_OPTIMIZATION_LEVEL = "-Onone";
			};
			name = Debug;
		};
		35A8736328C6323C00BB75C3 /* Release */ = {
			isa = XCBuildConfiguration;
			buildSettings = {
				ALWAYS_SEARCH_USER_PATHS = NO;
				CLANG_ANALYZER_NONNULL = YES;
				CLANG_ANALYZER_NUMBER_OBJECT_CONVERSION = YES_AGGRESSIVE;
				CLANG_CXX_LANGUAGE_STANDARD = "gnu++17";
				CLANG_ENABLE_MODULES = YES;
				CLANG_ENABLE_OBJC_ARC = YES;
				CLANG_ENABLE_OBJC_WEAK = YES;
				CLANG_WARN_BLOCK_CAPTURE_AUTORELEASING = YES;
				CLANG_WARN_BOOL_CONVERSION = YES;
				CLANG_WARN_COMMA = YES;
				CLANG_WARN_CONSTANT_CONVERSION = YES;
				CLANG_WARN_DEPRECATED_OBJC_IMPLEMENTATIONS = YES;
				CLANG_WARN_DIRECT_OBJC_ISA_USAGE = YES_ERROR;
				CLANG_WARN_DOCUMENTATION_COMMENTS = YES;
				CLANG_WARN_EMPTY_BODY = YES;
				CLANG_WARN_ENUM_CONVERSION = YES;
				CLANG_WARN_INFINITE_RECURSION = YES;
				CLANG_WARN_INT_CONVERSION = YES;
				CLANG_WARN_NON_LITERAL_NULL_CONVERSION = YES;
				CLANG_WARN_OBJC_IMPLICIT_RETAIN_SELF = YES;
				CLANG_WARN_OBJC_LITERAL_CONVERSION = YES;
				CLANG_WARN_OBJC_ROOT_CLASS = YES_ERROR;
				CLANG_WARN_QUOTED_INCLUDE_IN_FRAMEWORK_HEADER = YES;
				CLANG_WARN_RANGE_LOOP_ANALYSIS = YES;
				CLANG_WARN_STRICT_PROTOTYPES = YES;
				CLANG_WARN_SUSPICIOUS_MOVE = YES;
				CLANG_WARN_UNGUARDED_AVAILABILITY = YES_AGGRESSIVE;
				CLANG_WARN_UNREACHABLE_CODE = YES;
				CLANG_WARN__DUPLICATE_METHOD_MATCH = YES;
				COPY_PHASE_STRIP = NO;
				DEBUG_INFORMATION_FORMAT = "dwarf-with-dsym";
				ENABLE_NS_ASSERTIONS = NO;
				ENABLE_STRICT_OBJC_MSGSEND = YES;
				GCC_C_LANGUAGE_STANDARD = gnu11;
				GCC_NO_COMMON_BLOCKS = YES;
				GCC_WARN_64_TO_32_BIT_CONVERSION = YES;
				GCC_WARN_ABOUT_RETURN_TYPE = YES_ERROR;
				GCC_WARN_UNDECLARED_SELECTOR = YES;
				GCC_WARN_UNINITIALIZED_AUTOS = YES_AGGRESSIVE;
				GCC_WARN_UNUSED_FUNCTION = YES;
				GCC_WARN_UNUSED_VARIABLE = YES;
				IPHONEOS_DEPLOYMENT_TARGET = 15.4;
				MTL_ENABLE_DEBUG_INFO = NO;
				MTL_FAST_MATH = YES;
				SDKROOT = iphoneos;
				SWIFT_COMPILATION_MODE = wholemodule;
				SWIFT_OPTIMIZATION_LEVEL = "-O";
				VALIDATE_PRODUCT = YES;
			};
			name = Release;
		};
		35A8736528C6323C00BB75C3 /* Debug */ = {
			isa = XCBuildConfiguration;
			baseConfigurationReference = E31FCF738B20C424C902B6FB /* Pods-RxNetflix.debug.xcconfig */;
			buildSettings = {
				ASSETCATALOG_COMPILER_APPICON_NAME = AppIcon;
				ASSETCATALOG_COMPILER_GLOBAL_ACCENT_COLOR_NAME = AccentColor;
				CODE_SIGN_STYLE = Automatic;
				CURRENT_PROJECT_VERSION = 1;
				DEVELOPMENT_TEAM = J85NQ6YL4V;
				GENERATE_INFOPLIST_FILE = YES;
				INFOPLIST_FILE = RxNetflix/Global/Resources/Info.plist;
				INFOPLIST_KEY_UIApplicationSupportsIndirectInputEvents = YES;
				INFOPLIST_KEY_UILaunchStoryboardName = LaunchScreen;
				INFOPLIST_KEY_UISupportedInterfaceOrientations_iPad = "UIInterfaceOrientationPortrait UIInterfaceOrientationPortraitUpsideDown UIInterfaceOrientationLandscapeLeft UIInterfaceOrientationLandscapeRight";
				INFOPLIST_KEY_UISupportedInterfaceOrientations_iPhone = "UIInterfaceOrientationPortrait UIInterfaceOrientationLandscapeLeft UIInterfaceOrientationLandscapeRight";
				LD_RUNPATH_SEARCH_PATHS = (
					"$(inherited)",
					"@executable_path/Frameworks",
				);
				MARKETING_VERSION = 1.0;
				PRODUCT_BUNDLE_IDENTIFIER = DS.Company.RxNetflix;
				PRODUCT_NAME = "$(TARGET_NAME)";
				SWIFT_EMIT_LOC_STRINGS = YES;
				SWIFT_VERSION = 5.0;
				TARGETED_DEVICE_FAMILY = "1,2";
			};
			name = Debug;
		};
		35A8736628C6323C00BB75C3 /* Release */ = {
			isa = XCBuildConfiguration;
			baseConfigurationReference = 5D80E1C7D5E5C25A5878F97E /* Pods-RxNetflix.release.xcconfig */;
			buildSettings = {
				ASSETCATALOG_COMPILER_APPICON_NAME = AppIcon;
				ASSETCATALOG_COMPILER_GLOBAL_ACCENT_COLOR_NAME = AccentColor;
				CODE_SIGN_STYLE = Automatic;
				CURRENT_PROJECT_VERSION = 1;
				DEVELOPMENT_TEAM = J85NQ6YL4V;
				GENERATE_INFOPLIST_FILE = YES;
				INFOPLIST_FILE = RxNetflix/Global/Resources/Info.plist;
				INFOPLIST_KEY_UIApplicationSupportsIndirectInputEvents = YES;
				INFOPLIST_KEY_UILaunchStoryboardName = LaunchScreen;
				INFOPLIST_KEY_UISupportedInterfaceOrientations_iPad = "UIInterfaceOrientationPortrait UIInterfaceOrientationPortraitUpsideDown UIInterfaceOrientationLandscapeLeft UIInterfaceOrientationLandscapeRight";
				INFOPLIST_KEY_UISupportedInterfaceOrientations_iPhone = "UIInterfaceOrientationPortrait UIInterfaceOrientationLandscapeLeft UIInterfaceOrientationLandscapeRight";
				LD_RUNPATH_SEARCH_PATHS = (
					"$(inherited)",
					"@executable_path/Frameworks",
				);
				MARKETING_VERSION = 1.0;
				PRODUCT_BUNDLE_IDENTIFIER = DS.Company.RxNetflix;
				PRODUCT_NAME = "$(TARGET_NAME)";
				SWIFT_EMIT_LOC_STRINGS = YES;
				SWIFT_VERSION = 5.0;
				TARGETED_DEVICE_FAMILY = "1,2";
			};
			name = Release;
		};
/* End XCBuildConfiguration section */

/* Begin XCConfigurationList section */
		35A8734B28C6323A00BB75C3 /* Build configuration list for PBXProject "RxNetflix" */ = {
			isa = XCConfigurationList;
			buildConfigurations = (
				35A8736228C6323C00BB75C3 /* Debug */,
				35A8736328C6323C00BB75C3 /* Release */,
			);
			defaultConfigurationIsVisible = 0;
			defaultConfigurationName = Release;
		};
		35A8736428C6323C00BB75C3 /* Build configuration list for PBXNativeTarget "RxNetflix" */ = {
			isa = XCConfigurationList;
			buildConfigurations = (
				35A8736528C6323C00BB75C3 /* Debug */,
				35A8736628C6323C00BB75C3 /* Release */,
			);
			defaultConfigurationIsVisible = 0;
			defaultConfigurationName = Release;
		};
/* End XCConfigurationList section */
	};
	rootObject = 35A8734828C6323A00BB75C3 /* Project object */;
}
